
Microsoft Visual Studio Solution File, Format Version 12.00
# Visual Studio 15
VisualStudioVersion = 15.0.27703.2000
MinimumVisualStudioVersion = 10.0.40219.1
Project("{FAE04EC0-301F-11D3-BF4B-00C04F79EFBC}") = "TicketSales.TicketsServiceWCF", "TicketSales.TicketsServiceWCF\TicketSales.TicketsServiceWCF.csproj", "{40F33877-A66F-4B10-8519-3F5C8F2F1519}"
EndProject
Global
	GlobalSection(SolutionConfigurationPlatforms) = preSolution
		Debug|Any CPU = Debug|Any CPU
		Release|Any CPU = Release|Any CPU
	EndGlobalSection
	GlobalSection(ProjectConfigurationPlatforms) = postSolution
		{40F33877-A66F-4B10-8519-3F5C8F2F1519}.Debug|Any CPU.ActiveCfg = Debug|Any CPU
		{40F33877-A66F-4B10-8519-3F5C8F2F1519}.Debug|Any CPU.Build.0 = Debug|Any CPU
		{40F33877-A66F-4B10-8519-3F5C8F2F1519}.Release|Any CPU.ActiveCfg = Release|Any CPU
		{40F33877-A66F-4B10-8519-3F5C8F2F1519}.Release|Any CPU.Build.0 = Release|Any CPU
	EndGlobalSection
	GlobalSection(SolutionProperties) = preSolution
		HideSolutionNode = FALSE
	EndGlobalSection
	GlobalSection(ExtensibilityGlobals) = postSolution
		SolutionGuid = {56681537-9C87-44E6-B433-05043DC83DE0}
	EndGlobalSection
EndGlobal
